// !$*UTF8*$!
{
	archiveVersion = 1;
	classes = {
	};
	objectVersion = 46;
	objects = {

/* Begin PBXBuildFile section */
		CB480FCC1E8D578200745E5C /* FILE_MANAGER.swift in Sources */ = {isa = PBXBuildFile; fileRef = CB480FCB1E8D578200745E5C /* FILE_MANAGER.swift */; };
		CB480FF21E8D6CDA00745E5C /* JPG in Resources */ = {isa = PBXBuildFile; fileRef = CB480FF11E8D6CDA00745E5C /* JPG */; };
		CB7C88F11E880574009ACB44 /* SecondViewController.swift in Sources */ = {isa = PBXBuildFile; fileRef = CB7C88F01E880574009ACB44 /* SecondViewController.swift */; };
		CBB745011E87BBB900D9A88A /* AppDelegate.swift in Sources */ = {isa = PBXBuildFile; fileRef = CBB745001E87BBB900D9A88A /* AppDelegate.swift */; };
		CBB745031E87BBBA00D9A88A /* ViewController.swift in Sources */ = {isa = PBXBuildFile; fileRef = CBB745021E87BBBA00D9A88A /* ViewController.swift */; };
		CBB745061E87BBBA00D9A88A /* Main.storyboard in Resources */ = {isa = PBXBuildFile; fileRef = CBB745041E87BBBA00D9A88A /* Main.storyboard */; };
		CBB745081E87BBBA00D9A88A /* Assets.xcassets in Resources */ = {isa = PBXBuildFile; fileRef = CBB745071E87BBBA00D9A88A /* Assets.xcassets */; };
		CBB7450B1E87BBBA00D9A88A /* LaunchScreen.storyboard in Resources */ = {isa = PBXBuildFile; fileRef = CBB745091E87BBBA00D9A88A /* LaunchScreen.storyboard */; };
/* End PBXBuildFile section */

/* Begin PBXFileReference section */
		CB480FCB1E8D578200745E5C /* FILE_MANAGER.swift */ = {isa = PBXFileReference; fileEncoding = 4; lastKnownFileType = sourcecode.swift; path = FILE_MANAGER.swift; sourceTree = "<group>"; };
		CB480FF11E8D6CDA00745E5C /* JPG */ = {isa = PBXFileReference; lastKnownFileType = folder; path = JPG; sourceTree = "<group>"; };
		CB7C88F01E880574009ACB44 /* SecondViewController.swift */ = {isa = PBXFileReference; fileEncoding = 4; lastKnownFileType = sourcecode.swift; path = SecondViewController.swift; sourceTree = "<group>"; };
		CBB744FD1E87BBB900D9A88A /* CUSTOM_MD_APP.app */ = {isa = PBXFileReference; explicitFileType = wrapper.application; includeInIndex = 0; path = CUSTOM_MD_APP.app; sourceTree = BUILT_PRODUCTS_DIR; };
		CBB745001E87BBB900D9A88A /* AppDelegate.swift */ = {isa = PBXFileReference; lastKnownFileType = sourcecode.swift; path = AppDelegate.swift; sourceTree = "<group>"; };
		CBB745021E87BBBA00D9A88A /* ViewController.swift */ = {isa = PBXFileReference; lastKnownFileType = sourcecode.swift; path = ViewController.swift; sourceTree = "<group>"; };
		CBB745051E87BBBA00D9A88A /* Base */ = {isa = PBXFileReference; lastKnownFileType = file.storyboard; name = Base; path = Base.lproj/Main.storyboard; sourceTree = "<group>"; };
		CBB745071E87BBBA00D9A88A /* Assets.xcassets */ = {isa = PBXFileReference; lastKnownFileType = folder.assetcatalog; path = Assets.xcassets; sourceTree = "<group>"; };
		CBB7450A1E87BBBA00D9A88A /* Base */ = {isa = PBXFileReference; lastKnownFileType = file.storyboard; name = Base; path = Base.lproj/LaunchScreen.storyboard; sourceTree = "<group>"; };
		CBB7450C1E87BBBA00D9A88A /* Info.plist */ = {isa = PBXFileReference; lastKnownFileType = text.plist.xml; path = Info.plist; sourceTree = "<group>"; };
/* End PBXFileReference section */

/* Begin PBXFrameworksBuildPhase section */
		CBB744FA1E87BBB900D9A88A /* Frameworks */ = {
			isa = PBXFrameworksBuildPhase;
			buildActionMask = 2147483647;
			files = (
			);
			runOnlyForDeploymentPostprocessing = 0;
		};
/* End PBXFrameworksBuildPhase section */

/* Begin PBXGroup section */
		CBB744F41E87BBB900D9A88A = {
			isa = PBXGroup;
			children = (
				CBB744FF1E87BBB900D9A88A /* CUSTOM_MD_APP */,
				CBB744FE1E87BBB900D9A88A /* Products */,
			);
			sourceTree = "<group>";
		};
		CBB744FE1E87BBB900D9A88A /* Products */ = {
			isa = PBXGroup;
			children = (
				CBB744FD1E87BBB900D9A88A /* CUSTOM_MD_APP.app */,
			);
			name = Products;
			sourceTree = "<group>";
		};
		CBB744FF1E87BBB900D9A88A /* CUSTOM_MD_APP */ = {
			isa = PBXGroup;
			children = (
				CBB745001E87BBB900D9A88A /* AppDelegate.swift */,
				CBB745021E87BBBA00D9A88A /* ViewController.swift */,
				CB7C88F01E880574009ACB44 /* SecondViewController.swift */,
				CBB745041E87BBBA00D9A88A /* Main.storyboard */,
				CB480FCB1E8D578200745E5C /* FILE_MANAGER.swift */,
				CB480FF11E8D6CDA00745E5C /* JPG */,
				CBB745071E87BBBA00D9A88A /* Assets.xcassets */,
				CBB745091E87BBBA00D9A88A /* LaunchScreen.storyboard */,
				CBB7450C1E87BBBA00D9A88A /* Info.plist */,
			);
			path = CUSTOM_MD_APP;
			sourceTree = "<group>";
		};
/* End PBXGroup section */

/* Begin PBXNativeTarget section */
		CBB744FC1E87BBB900D9A88A /* CUSTOM_MD_APP */ = {
			isa = PBXNativeTarget;
			buildConfigurationList = CBB7450F1E87BBBA00D9A88A /* Build configuration list for PBXNativeTarget "CUSTOM_MD_APP" */;
			buildPhases = (
				CBB744F91E87BBB900D9A88A /* Sources */,
				CBB744FA1E87BBB900D9A88A /* Frameworks */,
				CBB744FB1E87BBB900D9A88A /* Resources */,
			);
			buildRules = (
			);
			dependencies = (
			);
			name = CUSTOM_MD_APP;
			productName = CUSTOM_MD_APP;
			productReference = CBB744FD1E87BBB900D9A88A /* CUSTOM_MD_APP.app */;
			productType = "com.apple.product-type.application";
		};
/* End PBXNativeTarget section */

/* Begin PBXProject section */
		CBB744F51E87BBB900D9A88A /* Project object */ = {
			isa = PBXProject;
			attributes = {
				LastSwiftUpdateCheck = 0810;
				LastUpgradeCheck = 0810;
				ORGANIZATIONNAME = "ALL ONE SUN";
				TargetAttributes = {
					CBB744FC1E87BBB900D9A88A = {
						CreatedOnToolsVersion = 8.1;
						DevelopmentTeam = YBGK5R3JSJ;
						ProvisioningStyle = Automatic;
						SystemCapabilities = {
							com.apple.Maps.iOS = {
								enabled = 0;
							};
						};
					};
				};
			};
			buildConfigurationList = CBB744F81E87BBB900D9A88A /* Build configuration list for PBXProject "CUSTOM_MD_APP" */;
			compatibilityVersion = "Xcode 3.2";
			developmentRegion = English;
			hasScannedForEncodings = 0;
			knownRegions = (
				en,
				Base,
			);
			mainGroup = CBB744F41E87BBB900D9A88A;
			productRefGroup = CBB744FE1E87BBB900D9A88A /* Products */;
			projectDirPath = "";
			projectRoot = "";
			targets = (
				CBB744FC1E87BBB900D9A88A /* CUSTOM_MD_APP */,
			);
		};
/* End PBXProject section */

/* Begin PBXResourcesBuildPhase section */
		CBB744FB1E87BBB900D9A88A /* Resources */ = {
			isa = PBXResourcesBuildPhase;
			buildActionMask = 2147483647;
			files = (
				CBB7450B1E87BBBA00D9A88A /* LaunchScreen.storyboard in Resources */,
				CBB745081E87BBBA00D9A88A /* Assets.xcassets in Resources */,
				CBB745061E87BBBA00D9A88A /* Main.storyboard in Resources */,
				CB480FF21E8D6CDA00745E5C /* JPG in Resources */,
			);
			runOnlyForDeploymentPostprocessing = 0;
		};
/* End PBXResourcesBuildPhase section */

/* Begin PBXSourcesBuildPhase section */
		CBB744F91E87BBB900D9A88A /* Sources */ = {
			isa = PBXSourcesBuildPhase;
			buildActionMask = 2147483647;
			files = (
				CB7C88F11E880574009ACB44 /* SecondViewController.swift in Sources */,
				CBB745031E87BBBA00D9A88A /* ViewController.swift in Sources */,
				CBB745011E87BBB900D9A88A /* AppDelegate.swift in Sources */,
				CB480FCC1E8D578200745E5C /* FILE_MANAGER.swift in Sources */,
			);
			runOnlyForDeploymentPostprocessing = 0;
		};
/* End PBXSourcesBuildPhase section */

/* Begin PBXVariantGroup section */
		CBB745041E87BBBA00D9A88A /* Main.storyboard */ = {
			isa = PBXVariantGroup;
			children = (
				CBB745051E87BBBA00D9A88A /* Base */,
			);
			name = Main.storyboard;
			sourceTree = "<group>";
		};
		CBB745091E87BBBA00D9A88A /* LaunchScreen.storyboard */ = {
			isa = PBXVariantGroup;
			children = (
				CBB7450A1E87BBBA00D9A88A /* Base */,
			);
			name = LaunchScreen.storyboard;
			sourceTree = "<group>";
		};
/* End PBXVariantGroup section */

/* Begin XCBuildConfiguration section */
		CBB7450D1E87BBBA00D9A88A /* Debug */ = {
			isa = XCBuildConfiguration;
			buildSettings = {
				ALWAYS_SEARCH_USER_PATHS = NO;
				CLANG_ANALYZER_NONNULL = YES;
				CLANG_CXX_LANGUAGE_STANDARD = "gnu++0x";
				CLANG_CXX_LIBRARY = "libc++";
				CLANG_ENABLE_MODULES = YES;
				CLANG_ENABLE_OBJC_ARC = YES;
				CLANG_WARN_BOOL_CONVERSION = YES;
				CLANG_WARN_CONSTANT_CONVERSION = YES;
				CLANG_WARN_DIRECT_OBJC_ISA_USAGE = YES_ERROR;
				CLANG_WARN_DOCUMENTATION_COMMENTS = YES;
				CLANG_WARN_EMPTY_BODY = YES;
				CLANG_WARN_ENUM_CONVERSION = YES;
				CLANG_WARN_INFINITE_RECURSION = YES;
				CLANG_WARN_INT_CONVERSION = YES;
				CLANG_WARN_OBJC_ROOT_CLASS = YES_ERROR;
				CLANG_WARN_SUSPICIOUS_MOVES = YES;
				CLANG_WARN_UNREACHABLE_CODE = YES;
				CLANG_WARN__DUPLICATE_METHOD_MATCH = YES;
				"CODE_SIGN_IDENTITY[sdk=iphoneos*]" = "iPhone Developer";
				COPY_PHASE_STRIP = NO;
				DEBUG_INFORMATION_FORMAT = dwarf;
				ENABLE_STRICT_OBJC_MSGSEND = YES;
				ENABLE_TESTABILITY = YES;
				GCC_C_LANGUAGE_STANDARD = gnu99;
				GCC_DYNAMIC_NO_PIC = NO;
				GCC_NO_COMMON_BLOCKS = YES;
				GCC_OPTIMIZATION_LEVEL = 0;
				GCC_PREPROCESSOR_DEFINITIONS = (
					"DEBUG=1",
					"$(inherited)",
				);
				GCC_WARN_64_TO_32_BIT_CONVERSION = YES;
				GCC_WARN_ABOUT_RETURN_TYPE = YES_ERROR;
				GCC_WARN_UNDECLARED_SELECTOR = YES;
				GCC_WARN_UNINITIALIZED_AUTOS = YES_AGGRESSIVE;
				GCC_WARN_UNUSED_FUNCTION = YES;
				GCC_WARN_UNUSED_VARIABLE = YES;
				IPHONEOS_DEPLOYMENT_TARGET = 8.1;
				MTL_ENABLE_DEBUG_INFO = YES;
				ONLY_ACTIVE_ARCH = YES;
				SDKROOT = iphoneos;
				SWIFT_ACTIVE_COMPILATION_CONDITIONS = DEBUG;
				SWIFT_OPTIMIZATION_LEVEL = "-Onone";
				TARGETED_DEVICE_FAMILY = "1,2";
			};
			name = Debug;
		};
		CBB7450E1E87BBBA00D9A88A /* Release */ = {
			isa = XCBuildConfiguration;
			buildSettings = {
				ALWAYS_SEARCH_USER_PATHS = NO;
				CLANG_ANALYZER_NONNULL = YES;
				CLANG_CXX_LANGUAGE_STANDARD = "gnu++0x";
				CLANG_CXX_LIBRARY = "libc++";
				CLANG_ENABLE_MODULES = YES;
				CLANG_ENABLE_OBJC_ARC = YES;
				CLANG_WARN_BOOL_CONVERSION = YES;
				CLANG_WARN_CONSTANT_CONVERSION = YES;
				CLANG_WARN_DIRECT_OBJC_ISA_USAGE = YES_ERROR;
				CLANG_WARN_DOCUMENTATION_COMMENTS = YES;
				CLANG_WARN_EMPTY_BODY = YES;
				CLANG_WARN_ENUM_CONVERSION = YES;
				CLANG_WARN_INFINITE_RECURSION = YES;
				CLANG_WARN_INT_CONVERSION = YES;
				CLANG_WARN_OBJC_ROOT_CLASS = YES_ERROR;
				CLANG_WARN_SUSPICIOUS_MOVES = YES;
				CLANG_WARN_UNREACHABLE_CODE = YES;
				CLANG_WARN__DUPLICATE_METHOD_MATCH = YES;
				"CODE_SIGN_IDENTITY[sdk=iphoneos*]" = "iPhone Developer";
				COPY_PHASE_STRIP = NO;
				DEBUG_INFORMATION_FORMAT = "dwarf-with-dsym";
				ENABLE_NS_ASSERTIONS = NO;
				ENABLE_STRICT_OBJC_MSGSEND = YES;
				GCC_C_LANGUAGE_STANDARD = gnu99;
				GCC_NO_COMMON_BLOCKS = YES;
				GCC_WARN_64_TO_32_BIT_CONVERSION = YES;
				GCC_WARN_ABOUT_RETURN_TYPE = YES_ERROR;
				GCC_WARN_UNDECLARED_SELECTOR = YES;
				GCC_WARN_UNINITIALIZED_AUTOS = YES_AGGRESSIVE;
				GCC_WARN_UNUSED_FUNCTION = YES;
				GCC_WARN_UNUSED_VARIABLE = YES;
				IPHONEOS_DEPLOYMENT_TARGET = 8.1;
				MTL_ENABLE_DEBUG_INFO = NO;
				SDKROOT = iphoneos;
				SWIFT_OPTIMIZATION_LEVEL = "-Owholemodule";
				TARGETED_DEVICE_FAMILY = "1,2";
				VALIDATE_PRODUCT = YES;
			};
			name = Release;
		};
		CBB745101E87BBBA00D9A88A /* Debug */ = {
			isa = XCBuildConfiguration;
			buildSettings = {
				ASSETCATALOG_COMPILER_APPICON_NAME = AppIcon;
				DEVELOPMENT_TEAM = YBGK5R3JSJ;
				INFOPLIST_FILE = CUSTOM_MD_APP/Info.plist;
				IPHONEOS_DEPLOYMENT_TARGET = 8.1;
				LD_RUNPATH_SEARCH_PATHS = "$(inherited) @executable_path/Frameworks";
				PRODUCT_BUNDLE_IDENTIFIER = "COM.ALLONESUN.CUSTOM-MD-APP";
				PRODUCT_NAME = "$(TARGET_NAME)";
				SWIFT_VERSION = 3.0;
			};
			name = Debug;
		};
		CBB745111E87BBBA00D9A88A /* Release */ = {
			isa = XCBuildConfiguration;
			buildSettings = {
				ASSETCATALOG_COMPILER_APPICON_NAME = AppIcon;
				DEVELOPMENT_TEAM = YBGK5R3JSJ;
				INFOPLIST_FILE = CUSTOM_MD_APP/Info.plist;
				IPHONEOS_DEPLOYMENT_TARGET = 8.1;
				LD_RUNPATH_SEARCH_PATHS = "$(inherited) @executable_path/Frameworks";
				PRODUCT_BUNDLE_IDENTIFIER = "COM.ALLONESUN.CUSTOM-MD-APP";
				PRODUCT_NAME = "$(TARGET_NAME)";
				SWIFT_VERSION = 3.0;
			};
			name = Release;
		};
/* End XCBuildConfiguration section */

/* Begin XCConfigurationList section */
		CBB744F81E87BBB900D9A88A /* Build configuration list for PBXProject "CUSTOM_MD_APP" */ = {
			isa = XCConfigurationList;
			buildConfigurations = (
				CBB7450D1E87BBBA00D9A88A /* Debug */,
				CBB7450E1E87BBBA00D9A88A /* Release */,
			);
			defaultConfigurationIsVisible = 0;
			defaultConfigurationName = Release;
		};
		CBB7450F1E87BBBA00D9A88A /* Build configuration list for PBXNativeTarget "CUSTOM_MD_APP" */ = {
			isa = XCConfigurationList;
			buildConfigurations = (
				CBB745101E87BBBA00D9A88A /* Debug */,
				CBB745111E87BBBA00D9A88A /* Release */,
			);
			defaultConfigurationIsVisible = 0;
			defaultConfigurationName = Release;
		};
/* End XCConfigurationList section */
	};
	rootObject = CBB744F51E87BBB900D9A88A /* Project object */;
}
